PODS:
  - Alamofire (3.2.1)
  - GoogleMaps (1.11.1)
  - SwiftyJSON (2.3.0)

DEPENDENCIES:
  - Alamofire
  - GoogleMaps
  - SwiftyJSON

SPEC CHECKSUMS:
  Alamofire: f11d8624a05f5d39e0c99309b3e600a3ba64298a
  GoogleMaps: c947160008f414c66707a5ea60f35e92055c7670
  SwiftyJSON: 8d6b61a70277ef2a5d710d372e06e7e2d87fb9e4

PODFILE CHECKSUM: ce8fe94765c5e8e33d3a8896adeabf902e1430d4

COCOAPODS: 1.0.0.beta.6
