// !$*UTF8*$!
{
	archiveVersion = 1;
	classes = {
	};
	objectVersion = 46;
	objects = {

/* Begin PBXBuildFile section */
		61053EB01C67CEFD0047892B /* MapItemViewController.swift in Sources */ = {isa = PBXBuildFile; fileRef = 61053EAF1C67CEFD0047892B /* MapItemViewController.swift */; };
		61053EB21C6BDF740047892B /* MapViewController.swift in Sources */ = {isa = PBXBuildFile; fileRef = 61053EB11C6BDF740047892B /* MapViewController.swift */; };
		610616491C7CE84200895235 /* SpotViewController.swift in Sources */ = {isa = PBXBuildFile; fileRef = 610616481C7CE84200895235 /* SpotViewController.swift */; };
		6106164B1C7D05B000895235 /* AddMapViewController.swift in Sources */ = {isa = PBXBuildFile; fileRef = 6106164A1C7D05B000895235 /* AddMapViewController.swift */; };
		612315771CABEEB300DDFC03 /* MapItemViewController.swift in Sources */ = {isa = PBXBuildFile; fileRef = 61053EAF1C67CEFD0047892B /* MapItemViewController.swift */; };
		61CC381A1C67B665001EBA96 /* MapItemCell.swift in Sources */ = {isa = PBXBuildFile; fileRef = 61CC38191C67B665001EBA96 /* MapItemCell.swift */; };
		61DB9B851C96D185008208A0 /* EventViewController.swift in Sources */ = {isa = PBXBuildFile; fileRef = 61DB9B841C96D185008208A0 /* EventViewController.swift */; };
		61DB9B891C9C5A13008208A0 /* CommonMethods.swift in Sources */ = {isa = PBXBuildFile; fileRef = 61DB9B881C9C5A13008208A0 /* CommonMethods.swift */; };
		61DB9B8B1C9C8200008208A0 /* EventTableViewCell.swift in Sources */ = {isa = PBXBuildFile; fileRef = 61DB9B8A1C9C8200008208A0 /* EventTableViewCell.swift */; };
		61E963CE1CABFC72000B0A0A /* Map.swift in Sources */ = {isa = PBXBuildFile; fileRef = 61F36E801C6547C800E7FA71 /* Map.swift */; };
		61E963CF1CABFC7F000B0A0A /* User.swift in Sources */ = {isa = PBXBuildFile; fileRef = 61F36E7E1C6547BA00E7FA71 /* User.swift */; };
		61E963D01CABFC81000B0A0A /* Spot.swift in Sources */ = {isa = PBXBuildFile; fileRef = 61F36E821C6547D200E7FA71 /* Spot.swift */; };
		61E963D11CABFC84000B0A0A /* Event.swift in Sources */ = {isa = PBXBuildFile; fileRef = 61F36E841C6547DF00E7FA71 /* Event.swift */; };
		61E963D21CABFC87000B0A0A /* EventTableViewCell.swift in Sources */ = {isa = PBXBuildFile; fileRef = 61DB9B8A1C9C8200008208A0 /* EventTableViewCell.swift */; };
		61E963D31CABFC8B000B0A0A /* EventViewController.swift in Sources */ = {isa = PBXBuildFile; fileRef = 61DB9B841C96D185008208A0 /* EventViewController.swift */; };
		61E963D41CABFC91000B0A0A /* AddMapViewController.swift in Sources */ = {isa = PBXBuildFile; fileRef = 6106164A1C7D05B000895235 /* AddMapViewController.swift */; };
		61E963D51CABFC93000B0A0A /* SpotViewController.swift in Sources */ = {isa = PBXBuildFile; fileRef = 610616481C7CE84200895235 /* SpotViewController.swift */; };
		61E963D71CABFC98000B0A0A /* MapViewController.swift in Sources */ = {isa = PBXBuildFile; fileRef = 61053EB11C6BDF740047892B /* MapViewController.swift */; };
		61E963D91CABFC9F000B0A0A /* MapItemCell.swift in Sources */ = {isa = PBXBuildFile; fileRef = 61CC38191C67B665001EBA96 /* MapItemCell.swift */; };
		61E963DA1CABFCA1000B0A0A /* MapListViewController.swift in Sources */ = {isa = PBXBuildFile; fileRef = 61F36E511C65171D00E7FA71 /* MapListViewController.swift */; };
		61E963DB1CABFCA4000B0A0A /* CommonMethods.swift in Sources */ = {isa = PBXBuildFile; fileRef = 61DB9B881C9C5A13008208A0 /* CommonMethods.swift */; };
		61E963DD1CAD8B3E000B0A0A /* Extensions.swift in Sources */ = {isa = PBXBuildFile; fileRef = 61E963DC1CAD8B3E000B0A0A /* Extensions.swift */; };
		61F0AE491CB6902B00FD3D21 /* SpotTypeCell.swift in Sources */ = {isa = PBXBuildFile; fileRef = 61F0AE481CB6902B00FD3D21 /* SpotTypeCell.swift */; };
		61F36E501C65171D00E7FA71 /* AppDelegate.swift in Sources */ = {isa = PBXBuildFile; fileRef = 61F36E4F1C65171D00E7FA71 /* AppDelegate.swift */; };
		61F36E521C65171D00E7FA71 /* MapListViewController.swift in Sources */ = {isa = PBXBuildFile; fileRef = 61F36E511C65171D00E7FA71 /* MapListViewController.swift */; };
		61F36E551C65171D00E7FA71 /* Main.storyboard in Resources */ = {isa = PBXBuildFile; fileRef = 61F36E531C65171D00E7FA71 /* Main.storyboard */; };
		61F36E571C65171D00E7FA71 /* Assets.xcassets in Resources */ = {isa = PBXBuildFile; fileRef = 61F36E561C65171D00E7FA71 /* Assets.xcassets */; };
		61F36E5A1C65171D00E7FA71 /* LaunchScreen.storyboard in Resources */ = {isa = PBXBuildFile; fileRef = 61F36E581C65171D00E7FA71 /* LaunchScreen.storyboard */; };
		61F36E651C65171D00E7FA71 /* LocalMapsTests.swift in Sources */ = {isa = PBXBuildFile; fileRef = 61F36E641C65171D00E7FA71 /* LocalMapsTests.swift */; };
		61F36E701C65171D00E7FA71 /* LocalMapsUITests.swift in Sources */ = {isa = PBXBuildFile; fileRef = 61F36E6F1C65171D00E7FA71 /* LocalMapsUITests.swift */; };
		61F36E7F1C6547BA00E7FA71 /* User.swift in Sources */ = {isa = PBXBuildFile; fileRef = 61F36E7E1C6547BA00E7FA71 /* User.swift */; };
		61F36E811C6547C800E7FA71 /* Map.swift in Sources */ = {isa = PBXBuildFile; fileRef = 61F36E801C6547C800E7FA71 /* Map.swift */; };
		61F36E831C6547D200E7FA71 /* Spot.swift in Sources */ = {isa = PBXBuildFile; fileRef = 61F36E821C6547D200E7FA71 /* Spot.swift */; };
		61F36E851C6547DF00E7FA71 /* Event.swift in Sources */ = {isa = PBXBuildFile; fileRef = 61F36E841C6547DF00E7FA71 /* Event.swift */; };
		A743F854A2227BF34C1E2F17 /* Pods_LocalMaps.framework in Frameworks */ = {isa = PBXBuildFile; fileRef = 7979DAE1BB2B092097C013A1 /* Pods_LocalMaps.framework */; };
/* End PBXBuildFile section */

/* Begin PBXContainerItemProxy section */
		61F36E611C65171D00E7FA71 /* PBXContainerItemProxy */ = {
			isa = PBXContainerItemProxy;
			containerPortal = 61F36E441C65171D00E7FA71 /* Project object */;
			proxyType = 1;
			remoteGlobalIDString = 61F36E4B1C65171D00E7FA71;
			remoteInfo = LocalMaps;
		};
		61F36E6C1C65171D00E7FA71 /* PBXContainerItemProxy */ = {
			isa = PBXContainerItemProxy;
			containerPortal = 61F36E441C65171D00E7FA71 /* Project object */;
			proxyType = 1;
			remoteGlobalIDString = 61F36E4B1C65171D00E7FA71;
			remoteInfo = LocalMaps;
		};
/* End PBXContainerItemProxy section */

/* Begin PBXFileReference section */
		5E0DD7FE34D7066333BAB045 /* Pods.framework */ = {isa = PBXFileReference; explicitFileType = wrapper.framework; includeInIndex = 0; path = Pods.framework; sourceTree = BUILT_PRODUCTS_DIR; };
		61053EAF1C67CEFD0047892B /* MapItemViewController.swift */ = {isa = PBXFileReference; fileEncoding = 4; lastKnownFileType = sourcecode.swift; path = MapItemViewController.swift; sourceTree = "<group>"; };
		61053EB11C6BDF740047892B /* MapViewController.swift */ = {isa = PBXFileReference; fileEncoding = 4; lastKnownFileType = sourcecode.swift; path = MapViewController.swift; sourceTree = "<group>"; };
		610616481C7CE84200895235 /* SpotViewController.swift */ = {isa = PBXFileReference; fileEncoding = 4; lastKnownFileType = sourcecode.swift; path = SpotViewController.swift; sourceTree = "<group>"; };
		6106164A1C7D05B000895235 /* AddMapViewController.swift */ = {isa = PBXFileReference; fileEncoding = 4; lastKnownFileType = sourcecode.swift; path = AddMapViewController.swift; sourceTree = "<group>"; };
		61CC38191C67B665001EBA96 /* MapItemCell.swift */ = {isa = PBXFileReference; fileEncoding = 4; lastKnownFileType = sourcecode.swift; path = MapItemCell.swift; sourceTree = "<group>"; };
		61D28EBA1C6E760F0088F2F0 /* LocalMaps-Bridging-Header.h */ = {isa = PBXFileReference; lastKnownFileType = sourcecode.c.h; path = "LocalMaps-Bridging-Header.h"; sourceTree = "<group>"; };
		61DB9B841C96D185008208A0 /* EventViewController.swift */ = {isa = PBXFileReference; fileEncoding = 4; lastKnownFileType = sourcecode.swift; path = EventViewController.swift; sourceTree = "<group>"; };
		61DB9B881C9C5A13008208A0 /* CommonMethods.swift */ = {isa = PBXFileReference; fileEncoding = 4; lastKnownFileType = sourcecode.swift; path = CommonMethods.swift; sourceTree = "<group>"; };
		61DB9B8A1C9C8200008208A0 /* EventTableViewCell.swift */ = {isa = PBXFileReference; fileEncoding = 4; lastKnownFileType = sourcecode.swift; path = EventTableViewCell.swift; sourceTree = "<group>"; };
		61E963DC1CAD8B3E000B0A0A /* Extensions.swift */ = {isa = PBXFileReference; fileEncoding = 4; lastKnownFileType = sourcecode.swift; path = Extensions.swift; sourceTree = "<group>"; };
		61F0AE481CB6902B00FD3D21 /* SpotTypeCell.swift */ = {isa = PBXFileReference; fileEncoding = 4; lastKnownFileType = sourcecode.swift; path = SpotTypeCell.swift; sourceTree = "<group>"; };
		61F36E4C1C65171D00E7FA71 /* LocalMaps.app */ = {isa = PBXFileReference; explicitFileType = wrapper.application; includeInIndex = 0; path = LocalMaps.app; sourceTree = BUILT_PRODUCTS_DIR; };
		61F36E4F1C65171D00E7FA71 /* AppDelegate.swift */ = {isa = PBXFileReference; lastKnownFileType = sourcecode.swift; path = AppDelegate.swift; sourceTree = "<group>"; };
		61F36E511C65171D00E7FA71 /* MapListViewController.swift */ = {isa = PBXFileReference; lastKnownFileType = sourcecode.swift; path = MapListViewController.swift; sourceTree = "<group>"; };
		61F36E541C65171D00E7FA71 /* Base */ = {isa = PBXFileReference; lastKnownFileType = file.storyboard; name = Base; path = Base.lproj/Main.storyboard; sourceTree = "<group>"; };
		61F36E561C65171D00E7FA71 /* Assets.xcassets */ = {isa = PBXFileReference; lastKnownFileType = folder.assetcatalog; path = Assets.xcassets; sourceTree = "<group>"; };
		61F36E591C65171D00E7FA71 /* Base */ = {isa = PBXFileReference; lastKnownFileType = file.storyboard; name = Base; path = Base.lproj/LaunchScreen.storyboard; sourceTree = "<group>"; };
		61F36E5B1C65171D00E7FA71 /* Info.plist */ = {isa = PBXFileReference; lastKnownFileType = text.plist.xml; path = Info.plist; sourceTree = "<group>"; };
		61F36E601C65171D00E7FA71 /* LocalMapsTests.xctest */ = {isa = PBXFileReference; explicitFileType = wrapper.cfbundle; includeInIndex = 0; path = LocalMapsTests.xctest; sourceTree = BUILT_PRODUCTS_DIR; };
		61F36E641C65171D00E7FA71 /* LocalMapsTests.swift */ = {isa = PBXFileReference; lastKnownFileType = sourcecode.swift; path = LocalMapsTests.swift; sourceTree = "<group>"; };
		61F36E661C65171D00E7FA71 /* Info.plist */ = {isa = PBXFileReference; lastKnownFileType = text.plist.xml; path = Info.plist; sourceTree = "<group>"; };
		61F36E6B1C65171D00E7FA71 /* LocalMapsUITests.xctest */ = {isa = PBXFileReference; explicitFileType = wrapper.cfbundle; includeInIndex = 0; path = LocalMapsUITests.xctest; sourceTree = BUILT_PRODUCTS_DIR; };
		61F36E6F1C65171D00E7FA71 /* LocalMapsUITests.swift */ = {isa = PBXFileReference; lastKnownFileType = sourcecode.swift; path = LocalMapsUITests.swift; sourceTree = "<group>"; };
		61F36E711C65171D00E7FA71 /* Info.plist */ = {isa = PBXFileReference; lastKnownFileType = text.plist.xml; path = Info.plist; sourceTree = "<group>"; };
		61F36E7E1C6547BA00E7FA71 /* User.swift */ = {isa = PBXFileReference; fileEncoding = 4; lastKnownFileType = sourcecode.swift; path = User.swift; sourceTree = "<group>"; };
		61F36E801C6547C800E7FA71 /* Map.swift */ = {isa = PBXFileReference; fileEncoding = 4; lastKnownFileType = sourcecode.swift; path = Map.swift; sourceTree = "<group>"; };
		61F36E821C6547D200E7FA71 /* Spot.swift */ = {isa = PBXFileReference; fileEncoding = 4; lastKnownFileType = sourcecode.swift; path = Spot.swift; sourceTree = "<group>"; };
		61F36E841C6547DF00E7FA71 /* Event.swift */ = {isa = PBXFileReference; fileEncoding = 4; lastKnownFileType = sourcecode.swift; path = Event.swift; sourceTree = "<group>"; };
		7979DAE1BB2B092097C013A1 /* Pods_LocalMaps.framework */ = {isa = PBXFileReference; explicitFileType = wrapper.framework; includeInIndex = 0; path = Pods_LocalMaps.framework; sourceTree = BUILT_PRODUCTS_DIR; };
		88D5CA90F5364BF104194030 /* Pods-LocalMaps.debug.xcconfig */ = {isa = PBXFileReference; includeInIndex = 1; lastKnownFileType = text.xcconfig; name = "Pods-LocalMaps.debug.xcconfig"; path = "Pods/Target Support Files/Pods-LocalMaps/Pods-LocalMaps.debug.xcconfig"; sourceTree = "<group>"; };
		FC5A7FBA701CA4C099230122 /* Pods-LocalMaps.release.xcconfig */ = {isa = PBXFileReference; includeInIndex = 1; lastKnownFileType = text.xcconfig; name = "Pods-LocalMaps.release.xcconfig"; path = "Pods/Target Support Files/Pods-LocalMaps/Pods-LocalMaps.release.xcconfig"; sourceTree = "<group>"; };
/* End PBXFileReference section */

/* Begin PBXFrameworksBuildPhase section */
		61F36E491C65171D00E7FA71 /* Frameworks */ = {
			isa = PBXFrameworksBuildPhase;
			buildActionMask = 2147483647;
			files = (
				A743F854A2227BF34C1E2F17 /* Pods_LocalMaps.framework in Frameworks */,
			);
			runOnlyForDeploymentPostprocessing = 0;
		};
		61F36E5D1C65171D00E7FA71 /* Frameworks */ = {
			isa = PBXFrameworksBuildPhase;
			buildActionMask = 2147483647;
			files = (
			);
			runOnlyForDeploymentPostprocessing = 0;
		};
		61F36E681C65171D00E7FA71 /* Frameworks */ = {
			isa = PBXFrameworksBuildPhase;
			buildActionMask = 2147483647;
			files = (
			);
			runOnlyForDeploymentPostprocessing = 0;
		};
/* End PBXFrameworksBuildPhase section */

/* Begin PBXGroup section */
		61CC38181C67B436001EBA96 /* Controllers */ = {
			isa = PBXGroup;
			children = (
				61F36E511C65171D00E7FA71 /* MapListViewController.swift */,
				61CC38191C67B665001EBA96 /* MapItemCell.swift */,
				61053EAF1C67CEFD0047892B /* MapItemViewController.swift */,
				61053EB11C6BDF740047892B /* MapViewController.swift */,
				610616481C7CE84200895235 /* SpotViewController.swift */,
				6106164A1C7D05B000895235 /* AddMapViewController.swift */,
				61DB9B841C96D185008208A0 /* EventViewController.swift */,
				61DB9B8A1C9C8200008208A0 /* EventTableViewCell.swift */,
				61F0AE481CB6902B00FD3D21 /* SpotTypeCell.swift */,
			);
			name = Controllers;
			sourceTree = "<group>";
		};
		61F36E431C65171D00E7FA71 = {
			isa = PBXGroup;
			children = (
				61F36E4E1C65171D00E7FA71 /* LocalMaps */,
				61F36E631C65171D00E7FA71 /* LocalMapsTests */,
				61F36E6E1C65171D00E7FA71 /* LocalMapsUITests */,
				61F36E4D1C65171D00E7FA71 /* Products */,
				7055A2D689AC0603002AA6B5 /* Frameworks */,
				C1F0AEA7B9305F3C12AC6F1C /* Pods */,
			);
			sourceTree = "<group>";
		};
		61F36E4D1C65171D00E7FA71 /* Products */ = {
			isa = PBXGroup;
			children = (
				61F36E4C1C65171D00E7FA71 /* LocalMaps.app */,
				61F36E601C65171D00E7FA71 /* LocalMapsTests.xctest */,
				61F36E6B1C65171D00E7FA71 /* LocalMapsUITests.xctest */,
			);
			name = Products;
			sourceTree = "<group>";
		};
		61F36E4E1C65171D00E7FA71 /* LocalMaps */ = {
			isa = PBXGroup;
			children = (
				61DB9B881C9C5A13008208A0 /* CommonMethods.swift */,
				61E963DC1CAD8B3E000B0A0A /* Extensions.swift */,
				61CC38181C67B436001EBA96 /* Controllers */,
				61F36E7D1C65477900E7FA71 /* Model */,
				61F36E4F1C65171D00E7FA71 /* AppDelegate.swift */,
				61F36E531C65171D00E7FA71 /* Main.storyboard */,
				61F36E561C65171D00E7FA71 /* Assets.xcassets */,
				61F36E581C65171D00E7FA71 /* LaunchScreen.storyboard */,
				61F36E5B1C65171D00E7FA71 /* Info.plist */,
				61D28EBA1C6E760F0088F2F0 /* LocalMaps-Bridging-Header.h */,
			);
			path = LocalMaps;
			sourceTree = "<group>";
		};
		61F36E631C65171D00E7FA71 /* LocalMapsTests */ = {
			isa = PBXGroup;
			children = (
				61F36E641C65171D00E7FA71 /* LocalMapsTests.swift */,
				61F36E661C65171D00E7FA71 /* Info.plist */,
			);
			path = LocalMapsTests;
			sourceTree = "<group>";
		};
		61F36E6E1C65171D00E7FA71 /* LocalMapsUITests */ = {
			isa = PBXGroup;
			children = (
				61F36E6F1C65171D00E7FA71 /* LocalMapsUITests.swift */,
				61F36E711C65171D00E7FA71 /* Info.plist */,
			);
			path = LocalMapsUITests;
			sourceTree = "<group>";
		};
		61F36E7D1C65477900E7FA71 /* Model */ = {
			isa = PBXGroup;
			children = (
				61F36E7E1C6547BA00E7FA71 /* User.swift */,
				61F36E801C6547C800E7FA71 /* Map.swift */,
				61F36E821C6547D200E7FA71 /* Spot.swift */,
				61F36E841C6547DF00E7FA71 /* Event.swift */,
			);
			name = Model;
			sourceTree = "<group>";
		};
		7055A2D689AC0603002AA6B5 /* Frameworks */ = {
			isa = PBXGroup;
			children = (
				5E0DD7FE34D7066333BAB045 /* Pods.framework */,
				7979DAE1BB2B092097C013A1 /* Pods_LocalMaps.framework */,
			);
			name = Frameworks;
			sourceTree = "<group>";
		};
		C1F0AEA7B9305F3C12AC6F1C /* Pods */ = {
			isa = PBXGroup;
			children = (
				88D5CA90F5364BF104194030 /* Pods-LocalMaps.debug.xcconfig */,
				FC5A7FBA701CA4C099230122 /* Pods-LocalMaps.release.xcconfig */,
			);
			name = Pods;
			sourceTree = "<group>";
		};
/* End PBXGroup section */

/* Begin PBXNativeTarget section */
		61F36E4B1C65171D00E7FA71 /* LocalMaps */ = {
			isa = PBXNativeTarget;
			buildConfigurationList = 61F36E741C65171D00E7FA71 /* Build configuration list for PBXNativeTarget "LocalMaps" */;
			buildPhases = (
				54DFE7988B32425BE6421A51 /* 📦 Check Pods Manifest.lock */,
				61F36E481C65171D00E7FA71 /* Sources */,
				61F36E491C65171D00E7FA71 /* Frameworks */,
				61F36E4A1C65171D00E7FA71 /* Resources */,
				CCBD397289B4FA48B71D5707 /* 📦 Embed Pods Frameworks */,
				73F16D64A34897F0E66041F2 /* 📦 Copy Pods Resources */,
			);
			buildRules = (
			);
			dependencies = (
			);
			name = LocalMaps;
			productName = LocalMaps;
			productReference = 61F36E4C1C65171D00E7FA71 /* LocalMaps.app */;
			productType = "com.apple.product-type.application";
		};
		61F36E5F1C65171D00E7FA71 /* LocalMapsTests */ = {
			isa = PBXNativeTarget;
			buildConfigurationList = 61F36E771C65171D00E7FA71 /* Build configuration list for PBXNativeTarget "LocalMapsTests" */;
			buildPhases = (
				61F36E5C1C65171D00E7FA71 /* Sources */,
				61F36E5D1C65171D00E7FA71 /* Frameworks */,
				61F36E5E1C65171D00E7FA71 /* Resources */,
			);
			buildRules = (
			);
			dependencies = (
				61F36E621C65171D00E7FA71 /* PBXTargetDependency */,
			);
			name = LocalMapsTests;
			productName = LocalMapsTests;
			productReference = 61F36E601C65171D00E7FA71 /* LocalMapsTests.xctest */;
			productType = "com.apple.product-type.bundle.unit-test";
		};
		61F36E6A1C65171D00E7FA71 /* LocalMapsUITests */ = {
			isa = PBXNativeTarget;
			buildConfigurationList = 61F36E7A1C65171D00E7FA71 /* Build configuration list for PBXNativeTarget "LocalMapsUITests" */;
			buildPhases = (
				61F36E671C65171D00E7FA71 /* Sources */,
				61F36E681C65171D00E7FA71 /* Frameworks */,
				61F36E691C65171D00E7FA71 /* Resources */,
			);
			buildRules = (
			);
			dependencies = (
				61F36E6D1C65171D00E7FA71 /* PBXTargetDependency */,
			);
			name = LocalMapsUITests;
			productName = LocalMapsUITests;
			productReference = 61F36E6B1C65171D00E7FA71 /* LocalMapsUITests.xctest */;
			productType = "com.apple.product-type.bundle.ui-testing";
		};
/* End PBXNativeTarget section */

/* Begin PBXProject section */
		61F36E441C65171D00E7FA71 /* Project object */ = {
			isa = PBXProject;
			attributes = {
				LastSwiftUpdateCheck = 0720;
				LastUpgradeCheck = 0710;
				ORGANIZATIONNAME = "Natalia Nikitina";
				TargetAttributes = {
					61F36E4B1C65171D00E7FA71 = {
						CreatedOnToolsVersion = 7.1.1;
						DevelopmentTeam = 5H72FC97K4;
					};
					61F36E5F1C65171D00E7FA71 = {
						CreatedOnToolsVersion = 7.1.1;
						TestTargetID = 61F36E4B1C65171D00E7FA71;
					};
					61F36E6A1C65171D00E7FA71 = {
						CreatedOnToolsVersion = 7.1.1;
						TestTargetID = 61F36E4B1C65171D00E7FA71;
					};
				};
			};
			buildConfigurationList = 61F36E471C65171D00E7FA71 /* Build configuration list for PBXProject "LocalMaps" */;
			compatibilityVersion = "Xcode 3.2";
			developmentRegion = English;
			hasScannedForEncodings = 0;
			knownRegions = (
				en,
				Base,
			);
			mainGroup = 61F36E431C65171D00E7FA71;
			productRefGroup = 61F36E4D1C65171D00E7FA71 /* Products */;
			projectDirPath = "";
			projectRoot = "";
			targets = (
				61F36E4B1C65171D00E7FA71 /* LocalMaps */,
				61F36E5F1C65171D00E7FA71 /* LocalMapsTests */,
				61F36E6A1C65171D00E7FA71 /* LocalMapsUITests */,
			);
		};
/* End PBXProject section */

/* Begin PBXResourcesBuildPhase section */
		61F36E4A1C65171D00E7FA71 /* Resources */ = {
			isa = PBXResourcesBuildPhase;
			buildActionMask = 2147483647;
			files = (
				61F36E5A1C65171D00E7FA71 /* LaunchScreen.storyboard in Resources */,
				61F36E571C65171D00E7FA71 /* Assets.xcassets in Resources */,
				61F36E551C65171D00E7FA71 /* Main.storyboard in Resources */,
			);
			runOnlyForDeploymentPostprocessing = 0;
		};
		61F36E5E1C65171D00E7FA71 /* Resources */ = {
			isa = PBXResourcesBuildPhase;
			buildActionMask = 2147483647;
			files = (
			);
			runOnlyForDeploymentPostprocessing = 0;
		};
		61F36E691C65171D00E7FA71 /* Resources */ = {
			isa = PBXResourcesBuildPhase;
			buildActionMask = 2147483647;
			files = (
			);
			runOnlyForDeploymentPostprocessing = 0;
		};
/* End PBXResourcesBuildPhase section */

/* Begin PBXShellScriptBuildPhase section */
		54DFE7988B32425BE6421A51 /* 📦 Check Pods Manifest.lock */ = {
			isa = PBXShellScriptBuildPhase;
			buildActionMask = 2147483647;
			files = (
			);
			inputPaths = (
			);
			name = "📦 Check Pods Manifest.lock";
			outputPaths = (
			);
			runOnlyForDeploymentPostprocessing = 0;
			shellPath = /bin/sh;
			shellScript = "diff \"${PODS_ROOT}/../Podfile.lock\" \"${PODS_ROOT}/Manifest.lock\" > /dev/null\nif [[ $? != 0 ]] ; then\n    cat << EOM\nerror: The sandbox is not in sync with the Podfile.lock. Run 'pod install' or update your CocoaPods installation.\nEOM\n    exit 1\nfi\n";
			showEnvVarsInLog = 0;
		};
		73F16D64A34897F0E66041F2 /* 📦 Copy Pods Resources */ = {
			isa = PBXShellScriptBuildPhase;
			buildActionMask = 2147483647;
			files = (
			);
			inputPaths = (
			);
			name = "📦 Copy Pods Resources";
			outputPaths = (
			);
			runOnlyForDeploymentPostprocessing = 0;
			shellPath = /bin/sh;
			shellScript = "\"${SRCROOT}/Pods/Target Support Files/Pods-LocalMaps/Pods-LocalMaps-resources.sh\"\n";
			showEnvVarsInLog = 0;
		};
		CCBD397289B4FA48B71D5707 /* 📦 Embed Pods Frameworks */ = {
			isa = PBXShellScriptBuildPhase;
			buildActionMask = 2147483647;
			files = (
			);
			inputPaths = (
			);
			name = "📦 Embed Pods Frameworks";
			outputPaths = (
			);
			runOnlyForDeploymentPostprocessing = 0;
			shellPath = /bin/sh;
			shellScript = "\"${SRCROOT}/Pods/Target Support Files/Pods-LocalMaps/Pods-LocalMaps-frameworks.sh\"\n";
			showEnvVarsInLog = 0;
		};
/* End PBXShellScriptBuildPhase section */

/* Begin PBXSourcesBuildPhase section */
		61F36E481C65171D00E7FA71 /* Sources */ = {
			isa = PBXSourcesBuildPhase;
			buildActionMask = 2147483647;
			files = (
				6106164B1C7D05B000895235 /* AddMapViewController.swift in Sources */,
				61F36E521C65171D00E7FA71 /* MapListViewController.swift in Sources */,
				61F36E501C65171D00E7FA71 /* AppDelegate.swift in Sources */,
				61F36E831C6547D200E7FA71 /* Spot.swift in Sources */,
				61053EB21C6BDF740047892B /* MapViewController.swift in Sources */,
				61F36E811C6547C800E7FA71 /* Map.swift in Sources */,
				610616491C7CE84200895235 /* SpotViewController.swift in Sources */,
				61F36E851C6547DF00E7FA71 /* Event.swift in Sources */,
				61F36E7F1C6547BA00E7FA71 /* User.swift in Sources */,
				61E963DD1CAD8B3E000B0A0A /* Extensions.swift in Sources */,
				61DB9B8B1C9C8200008208A0 /* EventTableViewCell.swift in Sources */,
				61CC381A1C67B665001EBA96 /* MapItemCell.swift in Sources */,
				61F0AE491CB6902B00FD3D21 /* SpotTypeCell.swift in Sources */,
				61053EB01C67CEFD0047892B /* MapItemViewController.swift in Sources */,
				61DB9B891C9C5A13008208A0 /* CommonMethods.swift in Sources */,
				61DB9B851C96D185008208A0 /* EventViewController.swift in Sources */,
			);
			runOnlyForDeploymentPostprocessing = 0;
		};
		61F36E5C1C65171D00E7FA71 /* Sources */ = {
			isa = PBXSourcesBuildPhase;
			buildActionMask = 2147483647;
			files = (
				61E963DB1CABFCA4000B0A0A /* CommonMethods.swift in Sources */,
				61E963DA1CABFCA1000B0A0A /* MapListViewController.swift in Sources */,
				61E963CF1CABFC7F000B0A0A /* User.swift in Sources */,
				612315771CABEEB300DDFC03 /* MapItemViewController.swift in Sources */,
				61E963D01CABFC81000B0A0A /* Spot.swift in Sources */,
				61E963CE1CABFC72000B0A0A /* Map.swift in Sources */,
				61E963D21CABFC87000B0A0A /* EventTableViewCell.swift in Sources */,
				61E963D41CABFC91000B0A0A /* AddMapViewController.swift in Sources */,
				61E963D31CABFC8B000B0A0A /* EventViewController.swift in Sources */,
				61E963D71CABFC98000B0A0A /* MapViewController.swift in Sources */,
				61E963D91CABFC9F000B0A0A /* MapItemCell.swift in Sources */,
				61E963D11CABFC84000B0A0A /* Event.swift in Sources */,
				61E963D51CABFC93000B0A0A /* SpotViewController.swift in Sources */,
				61F36E651C65171D00E7FA71 /* LocalMapsTests.swift in Sources */,
			);
			runOnlyForDeploymentPostprocessing = 0;
		};
		61F36E671C65171D00E7FA71 /* Sources */ = {
			isa = PBXSourcesBuildPhase;
			buildActionMask = 2147483647;
			files = (
				61F36E701C65171D00E7FA71 /* LocalMapsUITests.swift in Sources */,
			);
			runOnlyForDeploymentPostprocessing = 0;
		};
/* End PBXSourcesBuildPhase section */

/* Begin PBXTargetDependency section */
		61F36E621C65171D00E7FA71 /* PBXTargetDependency */ = {
			isa = PBXTargetDependency;
			target = 61F36E4B1C65171D00E7FA71 /* LocalMaps */;
			targetProxy = 61F36E611C65171D00E7FA71 /* PBXContainerItemProxy */;
		};
		61F36E6D1C65171D00E7FA71 /* PBXTargetDependency */ = {
			isa = PBXTargetDependency;
			target = 61F36E4B1C65171D00E7FA71 /* LocalMaps */;
			targetProxy = 61F36E6C1C65171D00E7FA71 /* PBXContainerItemProxy */;
		};
/* End PBXTargetDependency section */

/* Begin PBXVariantGroup section */
		61F36E531C65171D00E7FA71 /* Main.storyboard */ = {
			isa = PBXVariantGroup;
			children = (
				61F36E541C65171D00E7FA71 /* Base */,
			);
			name = Main.storyboard;
			sourceTree = "<group>";
		};
		61F36E581C65171D00E7FA71 /* LaunchScreen.storyboard */ = {
			isa = PBXVariantGroup;
			children = (
				61F36E591C65171D00E7FA71 /* Base */,
			);
			name = LaunchScreen.storyboard;
			sourceTree = "<group>";
		};
/* End PBXVariantGroup section */

/* Begin XCBuildConfiguration section */
		61F36E721C65171D00E7FA71 /* Debug */ = {
			isa = XCBuildConfiguration;
			buildSettings = {
				ALWAYS_SEARCH_USER_PATHS = NO;
				CLANG_CXX_LANGUAGE_STANDARD = "gnu++0x";
				CLANG_CXX_LIBRARY = "libc++";
				CLANG_ENABLE_MODULES = YES;
				CLANG_ENABLE_OBJC_ARC = YES;
				CLANG_WARN_BOOL_CONVERSION = YES;
				CLANG_WARN_CONSTANT_CONVERSION = YES;
				CLANG_WARN_DIRECT_OBJC_ISA_USAGE = YES_ERROR;
				CLANG_WARN_EMPTY_BODY = YES;
				CLANG_WARN_ENUM_CONVERSION = YES;
				CLANG_WARN_INT_CONVERSION = YES;
				CLANG_WARN_OBJC_ROOT_CLASS = YES_ERROR;
				CLANG_WARN_UNREACHABLE_CODE = YES;
				CLANG_WARN__DUPLICATE_METHOD_MATCH = YES;
				"CODE_SIGN_IDENTITY[sdk=iphoneos*]" = "iPhone Developer";
				COPY_PHASE_STRIP = NO;
				DEBUG_INFORMATION_FORMAT = dwarf;
				ENABLE_STRICT_OBJC_MSGSEND = YES;
				ENABLE_TESTABILITY = YES;
				GCC_C_LANGUAGE_STANDARD = gnu99;
				GCC_DYNAMIC_NO_PIC = NO;
				GCC_NO_COMMON_BLOCKS = YES;
				GCC_OPTIMIZATION_LEVEL = 0;
				GCC_PREPROCESSOR_DEFINITIONS = (
					"DEBUG=1",
					"$(inherited)",
				);
				GCC_WARN_64_TO_32_BIT_CONVERSION = YES;
				GCC_WARN_ABOUT_RETURN_TYPE = YES_ERROR;
				GCC_WARN_UNDECLARED_SELECTOR = YES;
				GCC_WARN_UNINITIALIZED_AUTOS = YES_AGGRESSIVE;
				GCC_WARN_UNUSED_FUNCTION = YES;
				GCC_WARN_UNUSED_VARIABLE = YES;
				IPHONEOS_DEPLOYMENT_TARGET = 9.1;
				MTL_ENABLE_DEBUG_INFO = YES;
				ONLY_ACTIVE_ARCH = YES;
				SDKROOT = iphoneos;
				SWIFT_OPTIMIZATION_LEVEL = "-Onone";
				TARGETED_DEVICE_FAMILY = "1,2";
			};
			name = Debug;
		};
		61F36E731C65171D00E7FA71 /* Release */ = {
			isa = XCBuildConfiguration;
			buildSettings = {
				ALWAYS_SEARCH_USER_PATHS = NO;
				CLANG_CXX_LANGUAGE_STANDARD = "gnu++0x";
				CLANG_CXX_LIBRARY = "libc++";
				CLANG_ENABLE_MODULES = YES;
				CLANG_ENABLE_OBJC_ARC = YES;
				CLANG_WARN_BOOL_CONVERSION = YES;
				CLANG_WARN_CONSTANT_CONVERSION = YES;
				CLANG_WARN_DIRECT_OBJC_ISA_USAGE = YES_ERROR;
				CLANG_WARN_EMPTY_BODY = YES;
				CLANG_WARN_ENUM_CONVERSION = YES;
				CLANG_WARN_INT_CONVERSION = YES;
				CLANG_WARN_OBJC_ROOT_CLASS = YES_ERROR;
				CLANG_WARN_UNREACHABLE_CODE = YES;
				CLANG_WARN__DUPLICATE_METHOD_MATCH = YES;
				"CODE_SIGN_IDENTITY[sdk=iphoneos*]" = "iPhone Developer";
				COPY_PHASE_STRIP = NO;
				DEBUG_INFORMATION_FORMAT = "dwarf-with-dsym";
				ENABLE_NS_ASSERTIONS = NO;
				ENABLE_STRICT_OBJC_MSGSEND = YES;
				GCC_C_LANGUAGE_STANDARD = gnu99;
				GCC_NO_COMMON_BLOCKS = YES;
				GCC_WARN_64_TO_32_BIT_CONVERSION = YES;
				GCC_WARN_ABOUT_RETURN_TYPE = YES_ERROR;
				GCC_WARN_UNDECLARED_SELECTOR = YES;
				GCC_WARN_UNINITIALIZED_AUTOS = YES_AGGRESSIVE;
				GCC_WARN_UNUSED_FUNCTION = YES;
				GCC_WARN_UNUSED_VARIABLE = YES;
				IPHONEOS_DEPLOYMENT_TARGET = 9.1;
				MTL_ENABLE_DEBUG_INFO = NO;
				SDKROOT = iphoneos;
				TARGETED_DEVICE_FAMILY = "1,2";
				VALIDATE_PRODUCT = YES;
			};
			name = Release;
		};
		61F36E751C65171D00E7FA71 /* Debug */ = {
			isa = XCBuildConfiguration;
			baseConfigurationReference = 88D5CA90F5364BF104194030 /* Pods-LocalMaps.debug.xcconfig */;
			buildSettings = {
				ASSETCATALOG_COMPILER_APPICON_NAME = AppIcon;
				CLANG_ENABLE_MODULES = YES;
				CODE_SIGN_IDENTITY = "iPhone Developer";
				"CODE_SIGN_IDENTITY[sdk=iphoneos*]" = "iPhone Developer";
				INFOPLIST_FILE = LocalMaps/Info.plist;
				IPHONEOS_DEPLOYMENT_TARGET = 8.2;
				LD_RUNPATH_SEARCH_PATHS = "$(inherited) @executable_path/Frameworks";
				PRODUCT_BUNDLE_IDENTIFIER = natalia.LocalMaps;
				PRODUCT_NAME = "$(TARGET_NAME)";
				PROVISIONING_PROFILE = "";
				SWIFT_OBJC_BRIDGING_HEADER = "LocalMaps/LocalMaps-Bridging-Header.h";
				SWIFT_OPTIMIZATION_LEVEL = "-Onone";
			};
			name = Debug;
		};
		61F36E761C65171D00E7FA71 /* Release */ = {
			isa = XCBuildConfiguration;
			baseConfigurationReference = FC5A7FBA701CA4C099230122 /* Pods-LocalMaps.release.xcconfig */;
			buildSettings = {
				ASSETCATALOG_COMPILER_APPICON_NAME = AppIcon;
				CLANG_ENABLE_MODULES = YES;
				CODE_SIGN_IDENTITY = "iPhone Developer";
				"CODE_SIGN_IDENTITY[sdk=iphoneos*]" = "iPhone Developer";
				INFOPLIST_FILE = LocalMaps/Info.plist;
				IPHONEOS_DEPLOYMENT_TARGET = 8.2;
				LD_RUNPATH_SEARCH_PATHS = "$(inherited) @executable_path/Frameworks";
				PRODUCT_BUNDLE_IDENTIFIER = natalia.LocalMaps;
				PRODUCT_NAME = "$(TARGET_NAME)";
				PROVISIONING_PROFILE = "";
				SWIFT_OBJC_BRIDGING_HEADER = "LocalMaps/LocalMaps-Bridging-Header.h";
			};
			name = Release;
		};
		61F36E781C65171D00E7FA71 /* Debug */ = {
			isa = XCBuildConfiguration;
			buildSettings = {
				BUNDLE_LOADER = "$(TEST_HOST)";
				INFOPLIST_FILE = LocalMapsTests/Info.plist;
				LD_RUNPATH_SEARCH_PATHS = "$(inherited) @executable_path/Frameworks @loader_path/Frameworks";
				PRODUCT_BUNDLE_IDENTIFIER = natalia.LocalMapsTests;
				PRODUCT_NAME = "$(TARGET_NAME)";
				TEST_HOST = "$(BUILT_PRODUCTS_DIR)/LocalMaps.app/LocalMaps";
			};
			name = Debug;
		};
		61F36E791C65171D00E7FA71 /* Release */ = {
			isa = XCBuildConfiguration;
			buildSettings = {
				BUNDLE_LOADER = "$(TEST_HOST)";
				INFOPLIST_FILE = LocalMapsTests/Info.plist;
				LD_RUNPATH_SEARCH_PATHS = "$(inherited) @executable_path/Frameworks @loader_path/Frameworks";
				PRODUCT_BUNDLE_IDENTIFIER = natalia.LocalMapsTests;
				PRODUCT_NAME = "$(TARGET_NAME)";
				TEST_HOST = "$(BUILT_PRODUCTS_DIR)/LocalMaps.app/LocalMaps";
			};
			name = Release;
		};
		61F36E7B1C65171D00E7FA71 /* Debug */ = {
			isa = XCBuildConfiguration;
			buildSettings = {
				INFOPLIST_FILE = LocalMapsUITests/Info.plist;
				LD_RUNPATH_SEARCH_PATHS = "$(inherited) @executable_path/Frameworks @loader_path/Frameworks";
				PRODUCT_BUNDLE_IDENTIFIER = natalia.LocalMapsUITests;
				PRODUCT_NAME = "$(TARGET_NAME)";
				TEST_TARGET_NAME = LocalMaps;
				USES_XCTRUNNER = YES;
			};
			name = Debug;
		};
		61F36E7C1C65171D00E7FA71 /* Release */ = {
			isa = XCBuildConfiguration;
			buildSettings = {
				INFOPLIST_FILE = LocalMapsUITests/Info.plist;
				LD_RUNPATH_SEARCH_PATHS = "$(inherited) @executable_path/Frameworks @loader_path/Frameworks";
				PRODUCT_BUNDLE_IDENTIFIER = natalia.LocalMapsUITests;
				PRODUCT_NAME = "$(TARGET_NAME)";
				TEST_TARGET_NAME = LocalMaps;
				USES_XCTRUNNER = YES;
			};
			name = Release;
		};
/* End XCBuildConfiguration section */

/* Begin XCConfigurationList section */
		61F36E471C65171D00E7FA71 /* Build configuration list for PBXProject "LocalMaps" */ = {
			isa = XCConfigurationList;
			buildConfigurations = (
				61F36E721C65171D00E7FA71 /* Debug */,
				61F36E731C65171D00E7FA71 /* Release */,
			);
			defaultConfigurationIsVisible = 0;
			defaultConfigurationName = Release;
		};
		61F36E741C65171D00E7FA71 /* Build configuration list for PBXNativeTarget "LocalMaps" */ = {
			isa = XCConfigurationList;
			buildConfigurations = (
				61F36E751C65171D00E7FA71 /* Debug */,
				61F36E761C65171D00E7FA71 /* Release */,
			);
			defaultConfigurationIsVisible = 0;
			defaultConfigurationName = Release;
		};
		61F36E771C65171D00E7FA71 /* Build configuration list for PBXNativeTarget "LocalMapsTests" */ = {
			isa = XCConfigurationList;
			buildConfigurations = (
				61F36E781C65171D00E7FA71 /* Debug */,
				61F36E791C65171D00E7FA71 /* Release */,
			);
			defaultConfigurationIsVisible = 0;
			defaultConfigurationName = Release;
		};
		61F36E7A1C65171D00E7FA71 /* Build configuration list for PBXNativeTarget "LocalMapsUITests" */ = {
			isa = XCConfigurationList;
			buildConfigurations = (
				61F36E7B1C65171D00E7FA71 /* Debug */,
				61F36E7C1C65171D00E7FA71 /* Release */,
			);
			defaultConfigurationIsVisible = 0;
			defaultConfigurationName = Release;
		};
/* End XCConfigurationList section */
	};
	rootObject = 61F36E441C65171D00E7FA71 /* Project object */;
}
